{
  "name": "browserfs-candy",
  "version": "1.0.0",
  "lockfileVersion": 1,
  "dependencies": {
    "@types/gapi": {
      "version": "0.0.33",
      "resolved": "https://registry.npmjs.org/@types/gapi/-/gapi-0.0.33.tgz",
      "integrity": "sha512-XS1ZEfJ2y8Q2mbjpbiKbKu4cbBA0gphZPMWGmK3SLiIcahiG7b3FvdVuwP19G65ikj6sUisZWKzfP4KNW4isEA=="
    },
    "typescript": {
      "version": "2.3.4",
      "resolved": "https://registry.npmjs.org/typescript/-/typescript-2.3.4.tgz",
      "integrity": "sha1-PTgyGCgjHkNPKHUUlZw3qCtin0I=",
      "dev": true
    }
  }
}
